// !$*UTF8*$!
{
	archiveVersion = 1;
	classes = {
	};
	objectVersion = 50;
	objects = {

/* Begin PBXBuildFile section */
		842649C5247A7849002148BB /* AppDelegate.swift in Sources */ = {isa = PBXBuildFile; fileRef = 842649C4247A7849002148BB /* AppDelegate.swift */; };
		842649C7247A7849002148BB /* SceneDelegate.swift in Sources */ = {isa = PBXBuildFile; fileRef = 842649C6247A7849002148BB /* SceneDelegate.swift */; };
		842649C9247A7849002148BB /* ContentView.swift in Sources */ = {isa = PBXBuildFile; fileRef = 842649C8247A7849002148BB /* ContentView.swift */; };
		842649CB247A784B002148BB /* Assets.xcassets in Resources */ = {isa = PBXBuildFile; fileRef = 842649CA247A784B002148BB /* Assets.xcassets */; };
		842649CE247A784B002148BB /* Preview Assets.xcassets in Resources */ = {isa = PBXBuildFile; fileRef = 842649CD247A784B002148BB /* Preview Assets.xcassets */; };
		842649D1247A784B002148BB /* LaunchScreen.storyboard in Resources */ = {isa = PBXBuildFile; fileRef = 842649CF247A784B002148BB /* LaunchScreen.storyboard */; };
		842649D9247A7C9C002148BB /* CircleImage.swift in Sources */ = {isa = PBXBuildFile; fileRef = 842649D8247A7C9C002148BB /* CircleImage.swift */; };
		842649DF247A80DC002148BB /* GroupView.swift in Sources */ = {isa = PBXBuildFile; fileRef = 842649DE247A80DC002148BB /* GroupView.swift */; };
/* End PBXBuildFile section */

/* Begin PBXFileReference section */
		842649C1247A7849002148BB /* TASK.app */ = {isa = PBXFileReference; explicitFileType = wrapper.application; includeInIndex = 0; path = TASK.app; sourceTree = BUILT_PRODUCTS_DIR; };
		842649C4247A7849002148BB /* AppDelegate.swift */ = {isa = PBXFileReference; lastKnownFileType = sourcecode.swift; path = AppDelegate.swift; sourceTree = "<group>"; };
		842649C6247A7849002148BB /* SceneDelegate.swift */ = {isa = PBXFileReference; lastKnownFileType = sourcecode.swift; path = SceneDelegate.swift; sourceTree = "<group>"; };
		842649C8247A7849002148BB /* ContentView.swift */ = {isa = PBXFileReference; lastKnownFileType = sourcecode.swift; path = ContentView.swift; sourceTree = "<group>"; };
		842649CA247A784B002148BB /* Assets.xcassets */ = {isa = PBXFileReference; lastKnownFileType = folder.assetcatalog; path = Assets.xcassets; sourceTree = "<group>"; };
		842649CD247A784B002148BB /* Preview Assets.xcassets */ = {isa = PBXFileReference; lastKnownFileType = folder.assetcatalog; path = "Preview Assets.xcassets"; sourceTree = "<group>"; };
		842649D0247A784B002148BB /* Base */ = {isa = PBXFileReference; lastKnownFileType = file.storyboard; name = Base; path = Base.lproj/LaunchScreen.storyboard; sourceTree = "<group>"; };
		842649D2247A784B002148BB /* Info.plist */ = {isa = PBXFileReference; lastKnownFileType = text.plist.xml; path = Info.plist; sourceTree = "<group>"; };
		842649D8247A7C9C002148BB /* CircleImage.swift */ = {isa = PBXFileReference; lastKnownFileType = sourcecode.swift; path = CircleImage.swift; sourceTree = "<group>"; };
		842649DE247A80DC002148BB /* GroupView.swift */ = {isa = PBXFileReference; lastKnownFileType = sourcecode.swift; path = GroupView.swift; sourceTree = "<group>"; };
/* End PBXFileReference section */

/* Begin PBXFrameworksBuildPhase section */
		842649BE247A7849002148BB /* Frameworks */ = {
			isa = PBXFrameworksBuildPhase;
			buildActionMask = 2147483647;
			files = (
			);
			runOnlyForDeploymentPostprocessing = 0;
		};
/* End PBXFrameworksBuildPhase section */

/* Begin PBXGroup section */
		842649B8247A7849002148BB = {
			isa = PBXGroup;
			children = (
				842649C3247A7849002148BB /* TASK */,
				842649C2247A7849002148BB /* Products */,
			);
			sourceTree = "<group>";
		};
		842649C2247A7849002148BB /* Products */ = {
			isa = PBXGroup;
			children = (
				842649C1247A7849002148BB /* TASK.app */,
			);
			name = Products;
			sourceTree = "<group>";
		};
		842649C3247A7849002148BB /* TASK */ = {
			isa = PBXGroup;
			children = (
				842649D8247A7C9C002148BB /* CircleImage.swift */,
				842649C4247A7849002148BB /* AppDelegate.swift */,
				842649C6247A7849002148BB /* SceneDelegate.swift */,
				842649C8247A7849002148BB /* ContentView.swift */,
				842649DE247A80DC002148BB /* GroupView.swift */,
				842649CA247A784B002148BB /* Assets.xcassets */,
				842649CF247A784B002148BB /* LaunchScreen.storyboard */,
				842649D2247A784B002148BB /* Info.plist */,
				842649CC247A784B002148BB /* Preview Content */,
			);
			path = TASK;
			sourceTree = "<group>";
		};
		842649CC247A784B002148BB /* Preview Content */ = {
			isa = PBXGroup;
			children = (
				842649CD247A784B002148BB /* Preview Assets.xcassets */,
			);
			path = "Preview Content";
			sourceTree = "<group>";
		};
/* End PBXGroup section */

/* Begin PBXNativeTarget section */
		842649C0247A7849002148BB /* TASK */ = {
			isa = PBXNativeTarget;
			buildConfigurationList = 842649D5247A784B002148BB /* Build configuration list for PBXNativeTarget "TASK" */;
			buildPhases = (
				842649BD247A7849002148BB /* Sources */,
				842649BE247A7849002148BB /* Frameworks */,
				842649BF247A7849002148BB /* Resources */,
			);
			buildRules = (
			);
			dependencies = (
			);
			name = TASK;
			productName = TASK;
			productReference = 842649C1247A7849002148BB /* TASK.app */;
			productType = "com.apple.product-type.application";
		};
/* End PBXNativeTarget section */

/* Begin PBXProject section */
		842649B9247A7849002148BB /* Project object */ = {
			isa = PBXProject;
			attributes = {
				LastSwiftUpdateCheck = 1150;
				LastUpgradeCheck = 1150;
				ORGANIZATIONNAME = admin;
				TargetAttributes = {
					842649C0247A7849002148BB = {
						CreatedOnToolsVersion = 11.5;
					};
				};
			};
			buildConfigurationList = 842649BC247A7849002148BB /* Build configuration list for PBXProject "TASK" */;
			compatibilityVersion = "Xcode 9.3";
			developmentRegion = en;
			hasScannedForEncodings = 0;
			knownRegions = (
				en,
				Base,
			);
			mainGroup = 842649B8247A7849002148BB;
			productRefGroup = 842649C2247A7849002148BB /* Products */;
			projectDirPath = "";
			projectRoot = "";
			targets = (
				842649C0247A7849002148BB /* TASK */,
			);
		};
/* End PBXProject section */

/* Begin PBXResourcesBuildPhase section */
		842649BF247A7849002148BB /* Resources */ = {
			isa = PBXResourcesBuildPhase;
			buildActionMask = 2147483647;
			files = (
				842649D1247A784B002148BB /* LaunchScreen.storyboard in Resources */,
				842649CE247A784B002148BB /* Preview Assets.xcassets in Resources */,
				842649CB247A784B002148BB /* Assets.xcassets in Resources */,
			);
			runOnlyForDeploymentPostprocessing = 0;
		};
/* End PBXResourcesBuildPhase section */

/* Begin PBXSourcesBuildPhase section */
		842649BD247A7849002148BB /* Sources */ = {
			isa = PBXSourcesBuildPhase;
			buildActionMask = 2147483647;
			files = (
				842649C5247A7849002148BB /* AppDelegate.swift in Sources */,
				842649D9247A7C9C002148BB /* CircleImage.swift in Sources */,
				842649DF247A80DC002148BB /* GroupView.swift in Sources */,
				842649C7247A7849002148BB /* SceneDelegate.swift in Sources */,
				842649C9247A7849002148BB /* ContentView.swift in Sources */,
			);
			runOnlyForDeploymentPostprocessing = 0;
		};
/* End PBXSourcesBuildPhase section */

/* Begin PBXVariantGroup section */
		842649CF247A784B002148BB /* LaunchScreen.storyboard */ = {
			isa = PBXVariantGroup;
			children = (
				842649D0247A784B002148BB /* Base */,
			);
			name = LaunchScreen.storyboard;
			sourceTree = "<group>";
		};
/* End PBXVariantGroup section */

/* Begin XCBuildConfiguration section */
		842649D3247A784B002148BB /* Debug */ = {
			isa = XCBuildConfiguration;
			buildSettings = {
				ALWAYS_SEARCH_USER_PATHS = NO;
				CLANG_ANALYZER_NONNULL = YES;
				CLANG_ANALYZER_NUMBER_OBJECT_CONVERSION = YES_AGGRESSIVE;
				CLANG_CXX_LANGUAGE_STANDARD = "gnu++14";
				CLANG_CXX_LIBRARY = "libc++";
				CLANG_ENABLE_MODULES = YES;
				CLANG_ENABLE_OBJC_ARC = YES;
				CLANG_ENABLE_OBJC_WEAK = YES;
				CLANG_WARN_BLOCK_CAPTURE_AUTORELEASING = YES;
				CLANG_WARN_BOOL_CONVERSION = YES;
				CLANG_WARN_COMMA = YES;
				CLANG_WARN_CONSTANT_CONVERSION = YES;
				CLANG_WARN_DEPRECATED_OBJC_IMPLEMENTATIONS = YES;
				CLANG_WARN_DIRECT_OBJC_ISA_USAGE = YES_ERROR;
				CLANG_WARN_DOCUMENTATION_COMMENTS = YES;
				CLANG_WARN_EMPTY_BODY = YES;
				CLANG_WARN_ENUM_CONVERSION = YES;
				CLANG_WARN_INFINITE_RECURSION = YES;
				CLANG_WARN_INT_CONVERSION = YES;
				CLANG_WARN_NON_LITERAL_NULL_CONVERSION = YES;
				CLANG_WARN_OBJC_IMPLICIT_RETAIN_SELF = YES;
				CLANG_WARN_OBJC_LITERAL_CONVERSION = YES;
				CLANG_WARN_OBJC_ROOT_CLASS = YES_ERROR;
				CLANG_WARN_RANGE_LOOP_ANALYSIS = YES;
				CLANG_WARN_STRICT_PROTOTYPES = YES;
				CLANG_WARN_SUSPICIOUS_MOVE = YES;
				CLANG_WARN_UNGUARDED_AVAILABILITY = YES_AGGRESSIVE;
				CLANG_WARN_UNREACHABLE_CODE = YES;
				CLANG_WARN__DUPLICATE_METHOD_MATCH = YES;
				COPY_PHASE_STRIP = NO;
				DEBUG_INFORMATION_FORMAT = dwarf;
				ENABLE_STRICT_OBJC_MSGSEND = YES;
				ENABLE_TESTABILITY = YES;
				GCC_C_LANGUAGE_STANDARD = gnu11;
				GCC_DYNAMIC_NO_PIC = NO;
				GCC_NO_COMMON_BLOCKS = YES;
				GCC_OPTIMIZATION_LEVEL = 0;
				GCC_PREPROCESSOR_DEFINITIONS = (
					"DEBUG=1",
					"$(inherited)",
				);
				GCC_WARN_64_TO_32_BIT_CONVERSION = YES;
				GCC_WARN_ABOUT_RETURN_TYPE = YES_ERROR;
				GCC_WARN_UNDECLARED_SELECTOR = YES;
				GCC_WARN_UNINITIALIZED_AUTOS = YES_AGGRESSIVE;
				GCC_WARN_UNUSED_FUNCTION = YES;
				GCC_WARN_UNUSED_VARIABLE = YES;
				IPHONEOS_DEPLOYMENT_TARGET = 13.5;
				MTL_ENABLE_DEBUG_INFO = INCLUDE_SOURCE;
				MTL_FAST_MATH = YES;
				ONLY_ACTIVE_ARCH = YES;
				SDKROOT = iphoneos;
				SWIFT_ACTIVE_COMPILATION_CONDITIONS = DEBUG;
				SWIFT_OPTIMIZATION_LEVEL = "-Onone";
			};
			name = Debug;
		};
		842649D4247A784B002148BB /* Release */ = {
			isa = XCBuildConfiguration;
			buildSettings = {
				ALWAYS_SEARCH_USER_PATHS = NO;
				CLANG_ANALYZER_NONNULL = YES;
				CLANG_ANALYZER_NUMBER_OBJECT_CONVERSION = YES_AGGRESSIVE;
				CLANG_CXX_LANGUAGE_STANDARD = "gnu++14";
				CLANG_CXX_LIBRARY = "libc++";
				CLANG_ENABLE_MODULES = YES;
				CLANG_ENABLE_OBJC_ARC = YES;
				CLANG_ENABLE_OBJC_WEAK = YES;
				CLANG_WARN_BLOCK_CAPTURE_AUTORELEASING = YES;
				CLANG_WARN_BOOL_CONVERSION = YES;
				CLANG_WARN_COMMA = YES;
				CLANG_WARN_CONSTANT_CONVERSION = YES;
				CLANG_WARN_DEPRECATED_OBJC_IMPLEMENTATIONS = YES;
				CLANG_WARN_DIRECT_OBJC_ISA_USAGE = YES_ERROR;
				CLANG_WARN_DOCUMENTATION_COMMENTS = YES;
				CLANG_WARN_EMPTY_BODY = YES;
				CLANG_WARN_ENUM_CONVERSION = YES;
				CLANG_WARN_INFINITE_RECURSION = YES;
				CLANG_WARN_INT_CONVERSION = YES;
				CLANG_WARN_NON_LITERAL_NULL_CONVERSION = YES;
				CLANG_WARN_OBJC_IMPLICIT_RETAIN_SELF = YES;
				CLANG_WARN_OBJC_LITERAL_CONVERSION = YES;
				CLANG_WARN_OBJC_ROOT_CLASS = YES_ERROR;
				CLANG_WARN_RANGE_LOOP_ANALYSIS = YES;
				CLANG_WARN_STRICT_PROTOTYPES = YES;
				CLANG_WARN_SUSPICIOUS_MOVE = YES;
				CLANG_WARN_UNGUARDED_AVAILABILITY = YES_AGGRESSIVE;
				CLANG_WARN_UNREACHABLE_CODE = YES;
				CLANG_WARN__DUPLICATE_METHOD_MATCH = YES;
				COPY_PHASE_STRIP = NO;
				DEBUG_INFORMATION_FORMAT = "dwarf-with-dsym";
				ENABLE_NS_ASSERTIONS = NO;
				ENABLE_STRICT_OBJC_MSGSEND = YES;
				GCC_C_LANGUAGE_STANDARD = gnu11;
				GCC_NO_COMMON_BLOCKS = YES;
				GCC_WARN_64_TO_32_BIT_CONVERSION = YES;
				GCC_WARN_ABOUT_RETURN_TYPE = YES_ERROR;
				GCC_WARN_UNDECLARED_SELECTOR = YES;
				GCC_WARN_UNINITIALIZED_AUTOS = YES_AGGRESSIVE;
				GCC_WARN_UNUSED_FUNCTION = YES;
				GCC_WARN_UNUSED_VARIABLE = YES;
				IPHONEOS_DEPLOYMENT_TARGET = 13.5;
				MTL_ENABLE_DEBUG_INFO = NO;
				MTL_FAST_MATH = YES;
				SDKROOT = iphoneos;
				SWIFT_COMPILATION_MODE = wholemodule;
				SWIFT_OPTIMIZATION_LEVEL = "-O";
				VALIDATE_PRODUCT = YES;
			};
			name = Release;
		};
		842649D6247A784B002148BB /* Debug */ = {
			isa = XCBuildConfiguration;
			buildSettings = {
				ASSETCATALOG_COMPILER_APPICON_NAME = AppIcon;
				CODE_SIGN_STYLE = Automatic;
				DEVELOPMENT_ASSET_PATHS = "\"TASK/Preview Content\"";
				DEVELOPMENT_TEAM = 8QV7K3LV4M;
				ENABLE_PREVIEWS = YES;
				INFOPLIST_FILE = TASK/Info.plist;
				LD_RUNPATH_SEARCH_PATHS = (
					"$(inherited)",
					"@executable_path/Frameworks",
				);
				PRODUCT_BUNDLE_IDENTIFIER = edu.zju.zyq.TASK;
				PRODUCT_NAME = "$(TARGET_NAME)";
				SWIFT_VERSION = 5.0;
				TARGETED_DEVICE_FAMILY = "1,2";
			};
			name = Debug;
		};
		842649D7247A784B002148BB /* Release */ = {
			isa = XCBuildConfiguration;
			buildSettings = {
				ASSETCATALOG_COMPILER_APPICON_NAME = AppIcon;
				CODE_SIGN_STYLE = Automatic;
				DEVELOPMENT_ASSET_PATHS = "\"TASK/Preview Content\"";
				DEVELOPMENT_TEAM = 8QV7K3LV4M;
				ENABLE_PREVIEWS = YES;
				INFOPLIST_FILE = TASK/Info.plist;
				LD_RUNPATH_SEARCH_PATHS = (
					"$(inherited)",
					"@executable_path/Frameworks",
				);
				PRODUCT_BUNDLE_IDENTIFIER = edu.zju.zyq.TASK;
				PRODUCT_NAME = "$(TARGET_NAME)";
				SWIFT_VERSION = 5.0;
				TARGETED_DEVICE_FAMILY = "1,2";
			};
			name = Release;
		};
/* End XCBuildConfiguration section */

/* Begin XCConfigurationList section */
		842649BC247A7849002148BB /* Build configuration list for PBXProject "TASK" */ = {
			isa = XCConfigurationList;
			buildConfigurations = (
				842649D3247A784B002148BB /* Debug */,
				842649D4247A784B002148BB /* Release */,
			);
			defaultConfigurationIsVisible = 0;
			defaultConfigurationName = Release;
		};
		842649D5247A784B002148BB /* Build configuration list for PBXNativeTarget "TASK" */ = {
			isa = XCConfigurationList;
			buildConfigurations = (
				842649D6247A784B002148BB /* Debug */,
				842649D7247A784B002148BB /* Release */,
			);
			defaultConfigurationIsVisible = 0;
			defaultConfigurationName = Release;
		};
/* End XCConfigurationList section */
	};
	rootObject = 842649B9247A7849002148BB /* Project object */;
}
